
Microsoft Visual Studio Solution File, Format Version 12.00
# Visual Studio Version 16
VisualStudioVersion = 16.0.30413.136
MinimumVisualStudioVersion = 10.0.40219.1
Project("{FAE04EC0-301F-11D3-BF4B-00C04F79EFBC}") = "SignalRchat", "SignalRchat.csproj", "{F744B218-1CA3-4B50-A643-DCE3B89EEBFA}"
EndProject
Global
	GlobalSection(SolutionConfigurationPlatforms) = preSolution
		Debug|Any CPU = Debug|Any CPU
		Release|Any CPU = Release|Any CPU
	EndGlobalSection
	GlobalSection(ProjectConfigurationPlatforms) = postSolution
		{F744B218-1CA3-4B50-A643-DCE3B89EEBFA}.Debug|Any CPU.ActiveCfg = Debug|Any CPU
		{F744B218-1CA3-4B50-A643-DCE3B89EEBFA}.Debug|Any CPU.Build.0 = Debug|Any CPU
		{F744B218-1CA3-4B50-A643-DCE3B89EEBFA}.Release|Any CPU.ActiveCfg = Release|Any CPU
		{F744B218-1CA3-4B50-A643-DCE3B89EEBFA}.Release|Any CPU.Build.0 = Release|Any CPU
	EndGlobalSection
	GlobalSection(SolutionProperties) = preSolution
		HideSolutionNode = FALSE
	EndGlobalSection
	GlobalSection(ExtensibilityGlobals) = postSolution
		SolutionGuid = {B2A404C6-2ACC-40C4-B3C8-622E96F0E9E4}
	EndGlobalSection
EndGlobal
